
Microsoft Visual Studio Solution File, Format Version 12.00
# Visual Studio 15
VisualStudioVersion = 15.0.26730.10
MinimumVisualStudioVersion = 10.0.40219.1
Project("{FAE04EC0-301F-11D3-BF4B-00C04F79EFBC}") = "PowerFest", "PowerFest\PowerFest.csproj", "{3A457407-AC5A-4E07-B22C-CA8BAB702FFE}"
EndProject
Global
	GlobalSection(SolutionConfigurationPlatforms) = preSolution
		Debug|Any CPU = Debug|Any CPU
		Release|Any CPU = Release|Any CPU
	EndGlobalSection
	GlobalSection(ProjectConfigurationPlatforms) = postSolution
		{3A457407-AC5A-4E07-B22C-CA8BAB702FFE}.Debug|Any CPU.ActiveCfg = Debug|Any CPU
		{3A457407-AC5A-4E07-B22C-CA8BAB702FFE}.Debug|Any CPU.Build.0 = Debug|Any CPU
		{3A457407-AC5A-4E07-B22C-CA8BAB702FFE}.Release|Any CPU.ActiveCfg = Release|Any CPU
		{3A457407-AC5A-4E07-B22C-CA8BAB702FFE}.Release|Any CPU.Build.0 = Release|Any CPU
	EndGlobalSection
	GlobalSection(SolutionProperties) = preSolution
		HideSolutionNode = FALSE
	EndGlobalSection
	GlobalSection(ExtensibilityGlobals) = postSolution
		SolutionGuid = {EE3F8576-54A0-4A72-810B-B37A090CE6C9}
	EndGlobalSection
EndGlobal
